
Microsoft Visual Studio Solution File, Format Version 12.00
Project("{FAE04EC0-301F-11D3-BF4B-00C04F79EFBC}") = "ConveyerBeltCapacityCheck", "ConveyerBeltCapacityCheck\ConveyerBeltCapacityCheck.csproj", "{162FF105-DC57-49B1-BDC3-5C1F200F39B6}"
EndProject
Global
	GlobalSection(SolutionConfigurationPlatforms) = preSolution
		Debug|Any CPU = Debug|Any CPU
		Release|Any CPU = Release|Any CPU
	EndGlobalSection
	GlobalSection(ProjectConfigurationPlatforms) = postSolution
		{162FF105-DC57-49B1-BDC3-5C1F200F39B6}.Debug|Any CPU.ActiveCfg = Debug|Any CPU
		{162FF105-DC57-49B1-BDC3-5C1F200F39B6}.Debug|Any CPU.Build.0 = Debug|Any CPU
		{162FF105-DC57-49B1-BDC3-5C1F200F39B6}.Release|Any CPU.ActiveCfg = Release|Any CPU
		{162FF105-DC57-49B1-BDC3-5C1F200F39B6}.Release|Any CPU.Build.0 = Release|Any CPU
	EndGlobalSection
EndGlobal
